Microsoft Visual Studio Solution File, Format Version 12.00
# Visual Studio 14
VisualStudioVersion = 14.0.25420.1
MinimumVisualStudioVersion = 10.0.40219.1
Project("{FAE04EC0-301F-11D3-BF4B-00C04F79EFBC}") = "StepCounter.Android", "StepCounter.Android\StepCounter.Android.csproj", "{CE7D99E2-F6C4-4741-AAAB-F1FFF182C56B}"
EndProject
Project("{FAE04EC0-301F-11D3-BF4B-00C04F79EFBC}") = "StepCounter.iOS", "StepCounter\StepCounter.iOS.csproj", "{E0535745-3089-4824-AF07-D1472F404A0D}"
EndProject
Project("{D954291E-2A0B-460D-934E-DC6B0785DB48}") = "StepCounter.Shared", "StepCounter.Shared\StepCounter.Shared.shproj", "{8FF85871-64D2-4389-BB7A-711992A433FE}"
EndProject
Global
	GlobalSection(SharedMSBuildProjectFiles) = preSolution
		StepCounter.Shared\StepCounter.Shared.projitems*{8ff85871-64d2-4389-bb7a-711992a433fe}*SharedItemsImports = 13
		StepCounter.Shared\StepCounter.Shared.projitems*{ce7d99e2-f6c4-4741-aaab-f1fff182c56b}*SharedItemsImports = 4
		StepCounter.Shared\StepCounter.Shared.projitems*{e0535745-3089-4824-af07-d1472f404a0d}*SharedItemsImports = 4
	EndGlobalSection
	GlobalSection(SolutionConfigurationPlatforms) = preSolution
		Ad-Hoc|Any CPU = Ad-Hoc|Any CPU
		Ad-Hoc|iPhone = Ad-Hoc|iPhone
		Ad-Hoc|iPhoneSimulator = Ad-Hoc|iPhoneSimulator
		AppStore|Any CPU = AppStore|Any CPU
		AppStore|iPhone = AppStore|iPhone
		AppStore|iPhoneSimulator = AppStore|iPhoneSimulator
		Debug|Any CPU = Debug|Any CPU
		Debug|iPhone = Debug|iPhone
		Debug|iPhoneSimulator = Debug|iPhoneSimulator
		Release|Any CPU = Release|Any CPU
		Release|iPhone = Release|iPhone
		Release|iPhoneSimulator = Release|iPhoneSimulator
	EndGlobalSection
	GlobalSection(ProjectConfigurationPlatforms) = postSolution
		{CE7D99E2-F6C4-4741-AAAB-F1FFF182C56B}.Ad-Hoc|Any CPU.ActiveCfg = Debug|Any CPU
		{CE7D99E2-F6C4-4741-AAAB-F1FFF182C56B}.Ad-Hoc|Any CPU.Build.0 = Debug|Any CPU
		{CE7D99E2-F6C4-4741-AAAB-F1FFF182C56B}.Ad-Hoc|Any CPU.Deploy.0 = Debug|Any CPU
		{CE7D99E2-F6C4-4741-AAAB-F1FFF182C56B}.Ad-Hoc|iPhone.ActiveCfg = Release|Any CPU
		{CE7D99E2-F6C4-4741-AAAB-F1FFF182C56B}.Ad-Hoc|iPhone.Build.0 = Release|Any CPU
		{CE7D99E2-F6C4-4741-AAAB-F1FFF182C56B}.Ad-Hoc|iPhoneSimulator.ActiveCfg = Release|Any CPU
		{CE7D99E2-F6C4-4741-AAAB-F1FFF182C56B}.Ad-Hoc|iPhoneSimulator.Build.0 = Release|Any CPU
		{CE7D99E2-F6C4-4741-AAAB-F1FFF182C56B}.AppStore|Any CPU.ActiveCfg = Debug|Any CPU
		{CE7D99E2-F6C4-4741-AAAB-F1FFF182C56B}.AppStore|Any CPU.Build.0 = Debug|Any CPU
		{CE7D99E2-F6C4-4741-AAAB-F1FFF182C56B}.AppStore|Any CPU.Deploy.0 = Debug|Any CPU
		{CE7D99E2-F6C4-4741-AAAB-F1FFF182C56B}.AppStore|iPhone.ActiveCfg = Release|Any CPU
		{CE7D99E2-F6C4-4741-AAAB-F1FFF182C56B}.AppStore|iPhone.Build.0 = Release|Any CPU
		{CE7D99E2-F6C4-4741-AAAB-F1FFF182C56B}.AppStore|iPhoneSimulator.ActiveCfg = Release|Any CPU
		{CE7D99E2-F6C4-4741-AAAB-F1FFF182C56B}.AppStore|iPhoneSimulator.Build.0 = Release|Any CPU
		{CE7D99E2-F6C4-4741-AAAB-F1FFF182C56B}.Debug|Any CPU.ActiveCfg = Debug|Any CPU
		{CE7D99E2-F6C4-4741-AAAB-F1FFF182C56B}.Debug|Any CPU.Build.0 = Debug|Any CPU
		{CE7D99E2-F6C4-4741-AAAB-F1FFF182C56B}.Debug|Any CPU.Deploy.0 = Debug|Any CPU
		{CE7D99E2-F6C4-4741-AAAB-F1FFF182C56B}.Debug|iPhone.ActiveCfg = Debug|Any CPU
		{CE7D99E2-F6C4-4741-AAAB-F1FFF182C56B}.Debug|iPhone.Build.0 = Debug|Any CPU
		{CE7D99E2-F6C4-4741-AAAB-F1FFF182C56B}.Debug|iPhoneSimulator.ActiveCfg = Debug|Any CPU
		{CE7D99E2-F6C4-4741-AAAB-F1FFF182C56B}.Debug|iPhoneSimulator.Build.0 = Debug|Any CPU
		{CE7D99E2-F6C4-4741-AAAB-F1FFF182C56B}.Release|Any CPU.ActiveCfg = Release|Any CPU
		{CE7D99E2-F6C4-4741-AAAB-F1FFF182C56B}.Release|Any CPU.Build.0 = Release|Any CPU
		{CE7D99E2-F6C4-4741-AAAB-F1FFF182C56B}.Release|Any CPU.Deploy.0 = Release|Any CPU
		{CE7D99E2-F6C4-4741-AAAB-F1FFF182C56B}.Release|iPhone.ActiveCfg = Release|Any CPU
		{CE7D99E2-F6C4-4741-AAAB-F1FFF182C56B}.Release|iPhone.Build.0 = Release|Any CPU
		{CE7D99E2-F6C4-4741-AAAB-F1FFF182C56B}.Release|iPhoneSimulator.ActiveCfg = Release|Any CPU
		{CE7D99E2-F6C4-4741-AAAB-F1FFF182C56B}.Release|iPhoneSimulator.Build.0 = Release|Any CPU
		{E0535745-3089-4824-AF07-D1472F404A0D}.Ad-Hoc|Any CPU.ActiveCfg = Ad-Hoc|Any CPU
		{E0535745-3089-4824-AF07-D1472F404A0D}.Ad-Hoc|Any CPU.Build.0 = Ad-Hoc|Any CPU
		{E0535745-3089-4824-AF07-D1472F404A0D}.Ad-Hoc|iPhone.ActiveCfg = Ad-Hoc|iPhone
		{E0535745-3089-4824-AF07-D1472F404A0D}.Ad-Hoc|iPhone.Build.0 = Ad-Hoc|iPhone
		{E0535745-3089-4824-AF07-D1472F404A0D}.Ad-Hoc|iPhoneSimulator.ActiveCfg = Debug|iPhoneSimulator
		{E0535745-3089-4824-AF07-D1472F404A0D}.Ad-Hoc|iPhoneSimulator.Build.0 = Debug|iPhoneSimulator
		{E0535745-3089-4824-AF07-D1472F404A0D}.AppStore|Any CPU.ActiveCfg = AppStore|Any CPU
		{E0535745-3089-4824-AF07-D1472F404A0D}.AppStore|Any CPU.Build.0 = AppStore|Any CPU
		{E0535745-3089-4824-AF07-D1472F404A0D}.AppStore|iPhone.ActiveCfg = AppStore|iPhone
		{E0535745-3089-4824-AF07-D1472F404A0D}.AppStore|iPhone.Build.0 = AppStore|iPhone
		{E0535745-3089-4824-AF07-D1472F404A0D}.AppStore|iPhoneSimulator.ActiveCfg = Debug|iPhoneSimulator
		{E0535745-3089-4824-AF07-D1472F404A0D}.AppStore|iPhoneSimulator.Build.0 = Debug|iPhoneSimulator
		{E0535745-3089-4824-AF07-D1472F404A0D}.Debug|Any CPU.ActiveCfg = Debug|Any CPU
		{E0535745-3089-4824-AF07-D1472F404A0D}.Debug|Any CPU.Build.0 = Debug|Any CPU
		{E0535745-3089-4824-AF07-D1472F404A0D}.Debug|iPhone.ActiveCfg = Debug|iPhone
		{E0535745-3089-4824-AF07-D1472F404A0D}.Debug|iPhone.Build.0 = Debug|iPhone
		{E0535745-3089-4824-AF07-D1472F404A0D}.Debug|iPhoneSimulator.ActiveCfg = Debug|iPhoneSimulator
		{E0535745-3089-4824-AF07-D1472F404A0D}.Debug|iPhoneSimulator.Build.0 = Debug|iPhoneSimulator
		{E0535745-3089-4824-AF07-D1472F404A0D}.Release|Any CPU.ActiveCfg = Release|Any CPU
		{E0535745-3089-4824-AF07-D1472F404A0D}.Release|Any CPU.Build.0 = Release|Any CPU
		{E0535745-3089-4824-AF07-D1472F404A0D}.Release|iPhone.ActiveCfg = Release|iPhone
		{E0535745-3089-4824-AF07-D1472F404A0D}.Release|iPhone.Build.0 = Release|iPhone
		{E0535745-3089-4824-AF07-D1472F404A0D}.Release|iPhoneSimulator.ActiveCfg = Release|iPhoneSimulator
		{E0535745-3089-4824-AF07-D1472F404A0D}.Release|iPhoneSimulator.Build.0 = Release|iPhoneSimulator
	EndGlobalSection
	GlobalSection(SolutionProperties) = preSolution
		HideSolutionNode = FALSE
	EndGlobalSection
	GlobalSection(MonoDevelopProperties) = preSolution
		StartupItem = StepCounter.Android\StepCounter.Android.csproj
	EndGlobalSection
EndGlobal
